// !$*UTF8*$!
{
	archiveVersion = 1;
	classes = {
	};
	objectVersion = 56;
	objects = {

/* Begin PBXBuildFile section */
		3100118529F7DB2D00BB2C21 /* NSErrorTest.m in Sources */ = {isa = PBXBuildFile; fileRef = 3100118429F7DB2D00BB2C21 /* NSErrorTest.m */; };
		3100118829F7E7EA00BB2C21 /* Box.m in Sources */ = {isa = PBXBuildFile; fileRef = 3100118729F7E7EA00BB2C21 /* Box.m */; };
		3100118B29F7FB7D00BB2C21 /* Bird.m in Sources */ = {isa = PBXBuildFile; fileRef = 3100118A29F7FB7D00BB2C21 /* Bird.m */; };
		3100118D29F7FCEB00BB2C21 /* Crow.m in Sources */ = {isa = PBXBuildFile; fileRef = 3100118C29F7FCEB00BB2C21 /* Crow.m */; };
		3100118F29F7FE1200BB2C21 /* Duck.m in Sources */ = {isa = PBXBuildFile; fileRef = 3100118E29F7FE1200BB2C21 /* Duck.m */; };
		316C4B3629F92141004F1F01 /* Basic.m in Sources */ = {isa = PBXBuildFile; fileRef = 316C4B3529F92141004F1F01 /* Basic.m */; };
		316C4B3829F9214E004F1F01 /* OOPS.m in Sources */ = {isa = PBXBuildFile; fileRef = 316C4B3729F9214E004F1F01 /* OOPS.m */; };
		3176CC2129F2BBD10049BFFE /* Test.c in Sources */ = {isa = PBXBuildFile; fileRef = 3176CC2029F2BBD10049BFFE /* Test.c */; };
		318A8E4429F67B2000348986 /* StringTest.m in Sources */ = {isa = PBXBuildFile; fileRef = 318A8E4329F67B2000348986 /* StringTest.m */; };
		318A8E4629F6874500348986 /* StructureTest.m in Sources */ = {isa = PBXBuildFile; fileRef = 318A8E4529F6874500348986 /* StructureTest.m */; };
		31A23BCA29EFE359009F9780 /* PointerTest.m in Sources */ = {isa = PBXBuildFile; fileRef = 31A23BC929EFE359009F9780 /* PointerTest.m */; };
		31A6C76129B207CD00ECCF2F /* main.m in Sources */ = {isa = PBXBuildFile; fileRef = 31A6C76029B207CD00ECCF2F /* main.m */; };
		31C93A4E29EE7CBA00FCE5CA /* NSNumberTest.m in Sources */ = {isa = PBXBuildFile; fileRef = 31C93A4D29EE7CBA00FCE5CA /* NSNumberTest.m */; };
		31C93A5229EEA1AE00FCE5CA /* ArrayTest.m in Sources */ = {isa = PBXBuildFile; fileRef = 31C93A5129EEA1AE00FCE5CA /* ArrayTest.m */; };
		31CE842F29FA57EE00A7BA77 /* CategoryTest.m in Sources */ = {isa = PBXBuildFile; fileRef = 31CE842E29FA57EE00A7BA77 /* CategoryTest.m */; };
		31CE843829FA8EFA00A7BA77 /* ExtensionTest.m in Sources */ = {isa = PBXBuildFile; fileRef = 31CE843729FA8EFA00A7BA77 /* ExtensionTest.m */; };
		31DF43B629C1FD7D0003D3EE /* BlockTest.m in Sources */ = {isa = PBXBuildFile; fileRef = 31DF43B529C1FD7D0003D3EE /* BlockTest.m */; };
		31EC860029BB4B28008C717D /* Calculator.m in Sources */ = {isa = PBXBuildFile; fileRef = 31EC85FF29BB4B28008C717D /* Calculator.m */; };
		31EC860329BB53F9008C717D /* LoopTest.m in Sources */ = {isa = PBXBuildFile; fileRef = 31EC860229BB53F9008C717D /* LoopTest.m */; };
		31EE06AE29F92C9C00B8F96B /* Lession.m in Sources */ = {isa = PBXBuildFile; fileRef = 31EE06AD29F92C9C00B8F96B /* Lession.m */; };
		31EE06B229F94C7200B8F96B /* Shape.m in Sources */ = {isa = PBXBuildFile; fileRef = 31EE06B129F94C7200B8F96B /* Shape.m */; };
		31EE06B429F94C7B00B8F96B /* Square.m in Sources */ = {isa = PBXBuildFile; fileRef = 31EE06B329F94C7B00B8F96B /* Square.m */; };
		31EE06B629F94C8700B8F96B /* Rectangle.m in Sources */ = {isa = PBXBuildFile; fileRef = 31EE06B529F94C8700B8F96B /* Rectangle.m */; };
		31EE06BA29F9555400B8F96B /* Student.m in Sources */ = {isa = PBXBuildFile; fileRef = 31EE06B929F9555400B8F96B /* Student.m */; };
/* End PBXBuildFile section */

/* Begin PBXCopyFilesBuildPhase section */
		31A6C75B29B207CD00ECCF2F /* CopyFiles */ = {
			isa = PBXCopyFilesBuildPhase;
			buildActionMask = 2147483647;
			dstPath = /usr/share/man/man1/;
			dstSubfolderSpec = 0;
			files = (
			);
			runOnlyForDeploymentPostprocessing = 1;
		};
/* End PBXCopyFilesBuildPhase section */

/* Begin PBXFileReference section */
		3100118429F7DB2D00BB2C21 /* NSErrorTest.m */ = {isa = PBXFileReference; lastKnownFileType = sourcecode.c.objc; path = NSErrorTest.m; sourceTree = "<group>"; };
		3100118729F7E7EA00BB2C21 /* Box.m */ = {isa = PBXFileReference; lastKnownFileType = sourcecode.c.objc; path = Box.m; sourceTree = "<group>"; };
		3100118A29F7FB7D00BB2C21 /* Bird.m */ = {isa = PBXFileReference; lastKnownFileType = sourcecode.c.objc; path = Bird.m; sourceTree = "<group>"; };
		3100118C29F7FCEB00BB2C21 /* Crow.m */ = {isa = PBXFileReference; lastKnownFileType = sourcecode.c.objc; path = Crow.m; sourceTree = "<group>"; };
		3100118E29F7FE1200BB2C21 /* Duck.m */ = {isa = PBXFileReference; lastKnownFileType = sourcecode.c.objc; path = Duck.m; sourceTree = "<group>"; };
		3100119229F7FF0900BB2C21 /* OOPS_ClassObject.h */ = {isa = PBXFileReference; lastKnownFileType = sourcecode.c.h; path = OOPS_ClassObject.h; sourceTree = "<group>"; };
		3100119329F7FF2C00BB2C21 /* OOPS_Inheritance.h */ = {isa = PBXFileReference; lastKnownFileType = sourcecode.c.h; path = OOPS_Inheritance.h; sourceTree = "<group>"; };
		316C4B3529F92141004F1F01 /* Basic.m */ = {isa = PBXFileReference; lastKnownFileType = sourcecode.c.objc; path = Basic.m; sourceTree = "<group>"; };
		316C4B3729F9214E004F1F01 /* OOPS.m */ = {isa = PBXFileReference; lastKnownFileType = sourcecode.c.objc; path = OOPS.m; sourceTree = "<group>"; };
		316C4B3929F926FA004F1F01 /* Lession.h */ = {isa = PBXFileReference; lastKnownFileType = sourcecode.c.h; path = Lession.h; sourceTree = "<group>"; };
		316C4B3A29F9282B004F1F01 /* Basics.h */ = {isa = PBXFileReference; lastKnownFileType = sourcecode.c.h; path = Basics.h; sourceTree = "<group>"; };
		3176CC1F29F2BBD10049BFFE /* Test.h */ = {isa = PBXFileReference; lastKnownFileType = sourcecode.c.h; path = Test.h; sourceTree = "<group>"; };
		3176CC2029F2BBD10049BFFE /* Test.c */ = {isa = PBXFileReference; lastKnownFileType = sourcecode.c.c; path = Test.c; sourceTree = "<group>"; };
		318A8E4329F67B2000348986 /* StringTest.m */ = {isa = PBXFileReference; lastKnownFileType = sourcecode.c.objc; path = StringTest.m; sourceTree = "<group>"; };
		318A8E4529F6874500348986 /* StructureTest.m */ = {isa = PBXFileReference; lastKnownFileType = sourcecode.c.objc; path = StructureTest.m; sourceTree = "<group>"; };
		31A23BC929EFE359009F9780 /* PointerTest.m */ = {isa = PBXFileReference; lastKnownFileType = sourcecode.c.objc; path = PointerTest.m; sourceTree = "<group>"; };
		31A6C75D29B207CD00ECCF2F /* FirstMacOS_CMD_App */ = {isa = PBXFileReference; explicitFileType = "compiled.mach-o.executable"; includeInIndex = 0; path = FirstMacOS_CMD_App; sourceTree = BUILT_PRODUCTS_DIR; };
		31A6C76029B207CD00ECCF2F /* main.m */ = {isa = PBXFileReference; lastKnownFileType = sourcecode.c.objc; path = main.m; sourceTree = "<group>"; };
		31C93A4D29EE7CBA00FCE5CA /* NSNumberTest.m */ = {isa = PBXFileReference; lastKnownFileType = sourcecode.c.objc; path = NSNumberTest.m; sourceTree = "<group>"; };
		31C93A5129EEA1AE00FCE5CA /* ArrayTest.m */ = {isa = PBXFileReference; lastKnownFileType = sourcecode.c.objc; path = ArrayTest.m; sourceTree = "<group>"; };
		31CE842E29FA57EE00A7BA77 /* CategoryTest.m */ = {isa = PBXFileReference; lastKnownFileType = sourcecode.c.objc; path = CategoryTest.m; sourceTree = "<group>"; };
		31CE843029FA586600A7BA77 /* OOPS_Category.h */ = {isa = PBXFileReference; lastKnownFileType = sourcecode.c.h; path = OOPS_Category.h; sourceTree = "<group>"; };
		31CE843629FA8EE700A7BA77 /* OOPS_Extension.h */ = {isa = PBXFileReference; lastKnownFileType = sourcecode.c.h; path = OOPS_Extension.h; sourceTree = "<group>"; };
		31CE843729FA8EFA00A7BA77 /* ExtensionTest.m */ = {isa = PBXFileReference; lastKnownFileType = sourcecode.c.objc; path = ExtensionTest.m; sourceTree = "<group>"; };
		31DF43B529C1FD7D0003D3EE /* BlockTest.m */ = {isa = PBXFileReference; lastKnownFileType = sourcecode.c.objc; path = BlockTest.m; sourceTree = "<group>"; };
		31EC85FF29BB4B28008C717D /* Calculator.m */ = {isa = PBXFileReference; lastKnownFileType = sourcecode.c.objc; path = Calculator.m; sourceTree = "<group>"; };
		31EC860229BB53F9008C717D /* LoopTest.m */ = {isa = PBXFileReference; lastKnownFileType = sourcecode.c.objc; path = LoopTest.m; sourceTree = "<group>"; };
		31EE06AD29F92C9C00B8F96B /* Lession.m */ = {isa = PBXFileReference; lastKnownFileType = sourcecode.c.objc; path = Lession.m; sourceTree = "<group>"; };
		31EE06B029F93F5100B8F96B /* OOPS_Polymorphism.h */ = {isa = PBXFileReference; lastKnownFileType = sourcecode.c.h; path = OOPS_Polymorphism.h; sourceTree = "<group>"; };
		31EE06B129F94C7200B8F96B /* Shape.m */ = {isa = PBXFileReference; lastKnownFileType = sourcecode.c.objc; path = Shape.m; sourceTree = "<group>"; };
		31EE06B329F94C7B00B8F96B /* Square.m */ = {isa = PBXFileReference; lastKnownFileType = sourcecode.c.objc; path = Square.m; sourceTree = "<group>"; };
		31EE06B529F94C8700B8F96B /* Rectangle.m */ = {isa = PBXFileReference; lastKnownFileType = sourcecode.c.objc; path = Rectangle.m; sourceTree = "<group>"; };
		31EE06B829F9548A00B8F96B /* Student.h */ = {isa = PBXFileReference; lastKnownFileType = sourcecode.c.h; path = Student.h; sourceTree = "<group>"; };
		31EE06B929F9555400B8F96B /* Student.m */ = {isa = PBXFileReference; lastKnownFileType = sourcecode.c.objc; path = Student.m; sourceTree = "<group>"; };
/* End PBXFileReference section */

/* Begin PBXFrameworksBuildPhase section */
		31A6C75A29B207CD00ECCF2F /* Frameworks */ = {
			isa = PBXFrameworksBuildPhase;
			buildActionMask = 2147483647;
			files = (
			);
			runOnlyForDeploymentPostprocessing = 0;
		};
/* End PBXFrameworksBuildPhase section */

/* Begin PBXGroup section */
		3100118629F7E7CE00BB2C21 /* OOPS */ = {
			isa = PBXGroup;
			children = (
				31CE843429FA8EB400A7BA77 /* Extension */,
				31CE842D29FA57D100A7BA77 /* Category */,
				31EE06B729F9543200B8F96B /* Encapsulation */,
				31EE06AF29F93EC300B8F96B /* Polymorphism */,
				3100119129F7FED800BB2C21 /* ClassObject */,
				3100119029F7FEBC00BB2C21 /* Inheritance */,
				316C4B3729F9214E004F1F01 /* OOPS.m */,
			);
			path = OOPS;
			sourceTree = "<group>";
		};
		3100119029F7FEBC00BB2C21 /* Inheritance */ = {
			isa = PBXGroup;
			children = (
				3100118A29F7FB7D00BB2C21 /* Bird.m */,
				3100118C29F7FCEB00BB2C21 /* Crow.m */,
				3100118E29F7FE1200BB2C21 /* Duck.m */,
				3100119329F7FF2C00BB2C21 /* OOPS_Inheritance.h */,
			);
			path = Inheritance;
			sourceTree = "<group>";
		};
		3100119129F7FED800BB2C21 /* ClassObject */ = {
			isa = PBXGroup;
			children = (
				3100118729F7E7EA00BB2C21 /* Box.m */,
				3100119229F7FF0900BB2C21 /* OOPS_ClassObject.h */,
			);
			path = ClassObject;
			sourceTree = "<group>";
		};
		316C4B3429F9211C004F1F01 /* Basics */ = {
			isa = PBXGroup;
			children = (
				31EC85FF29BB4B28008C717D /* Calculator.m */,
				31EC860229BB53F9008C717D /* LoopTest.m */,
				31DF43B529C1FD7D0003D3EE /* BlockTest.m */,
				31C93A4D29EE7CBA00FCE5CA /* NSNumberTest.m */,
				31C93A5129EEA1AE00FCE5CA /* ArrayTest.m */,
				31A23BC929EFE359009F9780 /* PointerTest.m */,
				3176CC1F29F2BBD10049BFFE /* Test.h */,
				3176CC2029F2BBD10049BFFE /* Test.c */,
				318A8E4329F67B2000348986 /* StringTest.m */,
				318A8E4529F6874500348986 /* StructureTest.m */,
				3100118429F7DB2D00BB2C21 /* NSErrorTest.m */,
				316C4B3529F92141004F1F01 /* Basic.m */,
				316C4B3A29F9282B004F1F01 /* Basics.h */,
			);
			path = Basics;
			sourceTree = "<group>";
		};
		31A6C75429B207CD00ECCF2F = {
			isa = PBXGroup;
			children = (
				31A6C75F29B207CD00ECCF2F /* FirstMacOS_CMD_App */,
				31A6C75E29B207CD00ECCF2F /* Products */,
			);
			sourceTree = "<group>";
		};
		31A6C75E29B207CD00ECCF2F /* Products */ = {
			isa = PBXGroup;
			children = (
				31A6C75D29B207CD00ECCF2F /* FirstMacOS_CMD_App */,
			);
			name = Products;
			sourceTree = "<group>";
		};
		31A6C75F29B207CD00ECCF2F /* FirstMacOS_CMD_App */ = {
			isa = PBXGroup;
			children = (
				316C4B3429F9211C004F1F01 /* Basics */,
				3100118629F7E7CE00BB2C21 /* OOPS */,
				31A6C76029B207CD00ECCF2F /* main.m */,
				316C4B3929F926FA004F1F01 /* Lession.h */,
				31EE06AD29F92C9C00B8F96B /* Lession.m */,
			);
			path = FirstMacOS_CMD_App;
			sourceTree = "<group>";
		};
		31CE842D29FA57D100A7BA77 /* Category */ = {
			isa = PBXGroup;
			children = (
				31CE842E29FA57EE00A7BA77 /* CategoryTest.m */,
				31CE843029FA586600A7BA77 /* OOPS_Category.h */,
			);
			path = Category;
			sourceTree = "<group>";
		};
		31CE843429FA8EB400A7BA77 /* Extension */ = {
			isa = PBXGroup;
			children = (
				31CE843629FA8EE700A7BA77 /* OOPS_Extension.h */,
				31CE843729FA8EFA00A7BA77 /* ExtensionTest.m */,
			);
			path = Extension;
			sourceTree = "<group>";
		};
		31EE06AF29F93EC300B8F96B /* Polymorphism */ = {
			isa = PBXGroup;
			children = (
				31EE06B029F93F5100B8F96B /* OOPS_Polymorphism.h */,
				31EE06B129F94C7200B8F96B /* Shape.m */,
				31EE06B329F94C7B00B8F96B /* Square.m */,
				31EE06B529F94C8700B8F96B /* Rectangle.m */,
			);
			path = Polymorphism;
			sourceTree = "<group>";
		};
		31EE06B729F9543200B8F96B /* Encapsulation */ = {
			isa = PBXGroup;
			children = (
				31EE06B829F9548A00B8F96B /* Student.h */,
				31EE06B929F9555400B8F96B /* Student.m */,
			);
			path = Encapsulation;
			sourceTree = "<group>";
		};
/* End PBXGroup section */

/* Begin PBXNativeTarget section */
		31A6C75C29B207CD00ECCF2F /* FirstMacOS_CMD_App */ = {
			isa = PBXNativeTarget;
			buildConfigurationList = 31A6C76429B207CD00ECCF2F /* Build configuration list for PBXNativeTarget "FirstMacOS_CMD_App" */;
			buildPhases = (
				31A6C75929B207CD00ECCF2F /* Sources */,
				31A6C75A29B207CD00ECCF2F /* Frameworks */,
				31A6C75B29B207CD00ECCF2F /* CopyFiles */,
			);
			buildRules = (
			);
			dependencies = (
			);
			name = FirstMacOS_CMD_App;
			productName = FirstMacOS_CMD_App;
			productReference = 31A6C75D29B207CD00ECCF2F /* FirstMacOS_CMD_App */;
			productType = "com.apple.product-type.tool";
		};
/* End PBXNativeTarget section */

/* Begin PBXProject section */
		31A6C75529B207CD00ECCF2F /* Project object */ = {
			isa = PBXProject;
			attributes = {
				BuildIndependentTargetsInParallel = 1;
				LastUpgradeCheck = 1420;
				TargetAttributes = {
					31A6C75C29B207CD00ECCF2F = {
						CreatedOnToolsVersion = 14.2;
					};
				};
			};
			buildConfigurationList = 31A6C75829B207CD00ECCF2F /* Build configuration list for PBXProject "FirstMacOS_CMD_App" */;
			compatibilityVersion = "Xcode 14.0";
			developmentRegion = en;
			hasScannedForEncodings = 0;
			knownRegions = (
				en,
				Base,
			);
			mainGroup = 31A6C75429B207CD00ECCF2F;
			productRefGroup = 31A6C75E29B207CD00ECCF2F /* Products */;
			projectDirPath = "";
			projectRoot = "";
			targets = (
				31A6C75C29B207CD00ECCF2F /* FirstMacOS_CMD_App */,
			);
		};
/* End PBXProject section */

/* Begin PBXSourcesBuildPhase section */
		31A6C75929B207CD00ECCF2F /* Sources */ = {
			isa = PBXSourcesBuildPhase;
			buildActionMask = 2147483647;
			files = (
				3100118F29F7FE1200BB2C21 /* Duck.m in Sources */,
				3100118D29F7FCEB00BB2C21 /* Crow.m in Sources */,
				3100118B29F7FB7D00BB2C21 /* Bird.m in Sources */,
				31EC860329BB53F9008C717D /* LoopTest.m in Sources */,
				316C4B3629F92141004F1F01 /* Basic.m in Sources */,
				316C4B3829F9214E004F1F01 /* OOPS.m in Sources */,
				318A8E4629F6874500348986 /* StructureTest.m in Sources */,
				31DF43B629C1FD7D0003D3EE /* BlockTest.m in Sources */,
				31EE06B629F94C8700B8F96B /* Rectangle.m in Sources */,
				31EE06B429F94C7B00B8F96B /* Square.m in Sources */,
				31A6C76129B207CD00ECCF2F /* main.m in Sources */,
				31EE06BA29F9555400B8F96B /* Student.m in Sources */,
				31EE06AE29F92C9C00B8F96B /* Lession.m in Sources */,
				31EE06B229F94C7200B8F96B /* Shape.m in Sources */,
				31C93A5229EEA1AE00FCE5CA /* ArrayTest.m in Sources */,
				31CE843829FA8EFA00A7BA77 /* ExtensionTest.m in Sources */,
				31A23BCA29EFE359009F9780 /* PointerTest.m in Sources */,
				318A8E4429F67B2000348986 /* StringTest.m in Sources */,
				31C93A4E29EE7CBA00FCE5CA /* NSNumberTest.m in Sources */,
				31EC860029BB4B28008C717D /* Calculator.m in Sources */,
				3100118829F7E7EA00BB2C21 /* Box.m in Sources */,
				3176CC2129F2BBD10049BFFE /* Test.c in Sources */,
				31CE842F29FA57EE00A7BA77 /* CategoryTest.m in Sources */,
				3100118529F7DB2D00BB2C21 /* NSErrorTest.m in Sources */,
			);
			runOnlyForDeploymentPostprocessing = 0;
		};
/* End PBXSourcesBuildPhase section */

/* Begin XCBuildConfiguration section */
		31A6C76229B207CD00ECCF2F /* Debug */ = {
			isa = XCBuildConfiguration;
			buildSettings = {
				ALWAYS_SEARCH_USER_PATHS = NO;
				CLANG_ANALYZER_NONNULL = YES;
				CLANG_ANALYZER_NUMBER_OBJECT_CONVERSION = YES_AGGRESSIVE;
				CLANG_CXX_LANGUAGE_STANDARD = "gnu++20";
				CLANG_ENABLE_MODULES = YES;
				CLANG_ENABLE_OBJC_ARC = YES;
				CLANG_ENABLE_OBJC_WEAK = YES;
				CLANG_WARN_BLOCK_CAPTURE_AUTORELEASING = YES;
				CLANG_WARN_BOOL_CONVERSION = YES;
				CLANG_WARN_COMMA = YES;
				CLANG_WARN_CONSTANT_CONVERSION = YES;
				CLANG_WARN_DEPRECATED_OBJC_IMPLEMENTATIONS = YES;
				CLANG_WARN_DIRECT_OBJC_ISA_USAGE = YES_ERROR;
				CLANG_WARN_DOCUMENTATION_COMMENTS = YES;
				CLANG_WARN_EMPTY_BODY = YES;
				CLANG_WARN_ENUM_CONVERSION = YES;
				CLANG_WARN_INFINITE_RECURSION = YES;
				CLANG_WARN_INT_CONVERSION = YES;
				CLANG_WARN_NON_LITERAL_NULL_CONVERSION = YES;
				CLANG_WARN_OBJC_IMPLICIT_RETAIN_SELF = YES;
				CLANG_WARN_OBJC_LITERAL_CONVERSION = YES;
				CLANG_WARN_OBJC_ROOT_CLASS = YES_ERROR;
				CLANG_WARN_QUOTED_INCLUDE_IN_FRAMEWORK_HEADER = YES;
				CLANG_WARN_RANGE_LOOP_ANALYSIS = YES;
				CLANG_WARN_STRICT_PROTOTYPES = YES;
				CLANG_WARN_SUSPICIOUS_MOVE = YES;
				CLANG_WARN_UNGUARDED_AVAILABILITY = YES_AGGRESSIVE;
				CLANG_WARN_UNREACHABLE_CODE = YES;
				CLANG_WARN__DUPLICATE_METHOD_MATCH = YES;
				COPY_PHASE_STRIP = NO;
				DEBUG_INFORMATION_FORMAT = dwarf;
				ENABLE_STRICT_OBJC_MSGSEND = YES;
				ENABLE_TESTABILITY = YES;
				GCC_C_LANGUAGE_STANDARD = gnu11;
				GCC_DYNAMIC_NO_PIC = NO;
				GCC_NO_COMMON_BLOCKS = YES;
				GCC_OPTIMIZATION_LEVEL = 0;
				GCC_PREPROCESSOR_DEFINITIONS = (
					"DEBUG=1",
					"$(inherited)",
					"RELEASE=1",
				);
				GCC_WARN_64_TO_32_BIT_CONVERSION = YES;
				GCC_WARN_ABOUT_RETURN_TYPE = YES_ERROR;
				GCC_WARN_UNDECLARED_SELECTOR = YES;
				GCC_WARN_UNINITIALIZED_AUTOS = YES_AGGRESSIVE;
				GCC_WARN_UNUSED_FUNCTION = YES;
				GCC_WARN_UNUSED_VARIABLE = YES;
				MACOSX_DEPLOYMENT_TARGET = 13.1;
				MTL_ENABLE_DEBUG_INFO = INCLUDE_SOURCE;
				MTL_FAST_MATH = YES;
				ONLY_ACTIVE_ARCH = YES;
				SDKROOT = macosx;
			};
			name = Debug;
		};
		31A6C76329B207CD00ECCF2F /* Release */ = {
			isa = XCBuildConfiguration;
			buildSettings = {
				ALWAYS_SEARCH_USER_PATHS = NO;
				CLANG_ANALYZER_NONNULL = YES;
				CLANG_ANALYZER_NUMBER_OBJECT_CONVERSION = YES_AGGRESSIVE;
				CLANG_CXX_LANGUAGE_STANDARD = "gnu++20";
				CLANG_ENABLE_MODULES = YES;
				CLANG_ENABLE_OBJC_ARC = YES;
				CLANG_ENABLE_OBJC_WEAK = YES;
				CLANG_WARN_BLOCK_CAPTURE_AUTORELEASING = YES;
				CLANG_WARN_BOOL_CONVERSION = YES;
				CLANG_WARN_COMMA = YES;
				CLANG_WARN_CONSTANT_CONVERSION = YES;
				CLANG_WARN_DEPRECATED_OBJC_IMPLEMENTATIONS = YES;
				CLANG_WARN_DIRECT_OBJC_ISA_USAGE = YES_ERROR;
				CLANG_WARN_DOCUMENTATION_COMMENTS = YES;
				CLANG_WARN_EMPTY_BODY = YES;
				CLANG_WARN_ENUM_CONVERSION = YES;
				CLANG_WARN_INFINITE_RECURSION = YES;
				CLANG_WARN_INT_CONVERSION = YES;
				CLANG_WARN_NON_LITERAL_NULL_CONVERSION = YES;
				CLANG_WARN_OBJC_IMPLICIT_RETAIN_SELF = YES;
				CLANG_WARN_OBJC_LITERAL_CONVERSION = YES;
				CLANG_WARN_OBJC_ROOT_CLASS = YES_ERROR;
				CLANG_WARN_QUOTED_INCLUDE_IN_FRAMEWORK_HEADER = YES;
				CLANG_WARN_RANGE_LOOP_ANALYSIS = YES;
				CLANG_WARN_STRICT_PROTOTYPES = YES;
				CLANG_WARN_SUSPICIOUS_MOVE = YES;
				CLANG_WARN_UNGUARDED_AVAILABILITY = YES_AGGRESSIVE;
				CLANG_WARN_UNREACHABLE_CODE = YES;
				CLANG_WARN__DUPLICATE_METHOD_MATCH = YES;
				COPY_PHASE_STRIP = NO;
				DEBUG_INFORMATION_FORMAT = "dwarf-with-dsym";
				ENABLE_NS_ASSERTIONS = NO;
				ENABLE_STRICT_OBJC_MSGSEND = YES;
				GCC_C_LANGUAGE_STANDARD = gnu11;
				GCC_NO_COMMON_BLOCKS = YES;
				GCC_WARN_64_TO_32_BIT_CONVERSION = YES;
				GCC_WARN_ABOUT_RETURN_TYPE = YES_ERROR;
				GCC_WARN_UNDECLARED_SELECTOR = YES;
				GCC_WARN_UNINITIALIZED_AUTOS = YES_AGGRESSIVE;
				GCC_WARN_UNUSED_FUNCTION = YES;
				GCC_WARN_UNUSED_VARIABLE = YES;
				MACOSX_DEPLOYMENT_TARGET = 13.1;
				MTL_ENABLE_DEBUG_INFO = NO;
				MTL_FAST_MATH = YES;
				SDKROOT = macosx;
			};
			name = Release;
		};
		31A6C76529B207CD00ECCF2F /* Debug */ = {
			isa = XCBuildConfiguration;
			buildSettings = {
				CLANG_CXX_LANGUAGE_STANDARD = "gnu++20";
				CODE_SIGN_STYLE = Automatic;
				HEADER_SEARCH_PATHS = "";
				PRODUCT_NAME = "$(TARGET_NAME)";
				SDKROOT = macosx;
			};
			name = Debug;
		};
		31A6C76629B207CD00ECCF2F /* Release */ = {
			isa = XCBuildConfiguration;
			buildSettings = {
				CLANG_CXX_LANGUAGE_STANDARD = "gnu++20";
				CODE_SIGN_STYLE = Automatic;
				HEADER_SEARCH_PATHS = "";
				PRODUCT_NAME = "$(TARGET_NAME)";
				SDKROOT = macosx;
			};
			name = Release;
		};
/* End XCBuildConfiguration section */

/* Begin XCConfigurationList section */
		31A6C75829B207CD00ECCF2F /* Build configuration list for PBXProject "FirstMacOS_CMD_App" */ = {
			isa = XCConfigurationList;
			buildConfigurations = (
				31A6C76229B207CD00ECCF2F /* Debug */,
				31A6C76329B207CD00ECCF2F /* Release */,
			);
			defaultConfigurationIsVisible = 0;
			defaultConfigurationName = Release;
		};
		31A6C76429B207CD00ECCF2F /* Build configuration list for PBXNativeTarget "FirstMacOS_CMD_App" */ = {
			isa = XCConfigurationList;
			buildConfigurations = (
				31A6C76529B207CD00ECCF2F /* Debug */,
				31A6C76629B207CD00ECCF2F /* Release */,
			);
			defaultConfigurationIsVisible = 0;
			defaultConfigurationName = Release;
		};
/* End XCConfigurationList section */
	};
	rootObject = 31A6C75529B207CD00ECCF2F /* Project object */;
}
